
Microsoft Visual Studio Solution File, Format Version 12.00
# Visual Studio Version 17
VisualStudioVersion = 17.5.33516.290
MinimumVisualStudioVersion = 10.0.40219.1
Project("{9A19103F-16F7-4668-BE54-9A1E7A4F7556}") = "Array", "Array\Array.csproj", "{E9C34274-924E-4594-9EE7-F50DABEA14DB}"
EndProject
Project("{9A19103F-16F7-4668-BE54-9A1E7A4F7556}") = "string to int array funtion", "string to int array funtion\string to int array funtion.csproj", "{50F6207D-814C-4F75-83C3-20F03DC09F63}"
EndProject
Project("{9A19103F-16F7-4668-BE54-9A1E7A4F7556}") = "Array min max sum average", "Array min max sum average\Array min max sum average.csproj", "{F1366743-7D4C-4DB5-8B79-67FF54D8573B}"
EndProject
Project("{9A19103F-16F7-4668-BE54-9A1E7A4F7556}") = "Function", "Function\Function.csproj", "{A784F955-2765-4031-879F-1A026E64E13E}"
EndProject
Project("{9A19103F-16F7-4668-BE54-9A1E7A4F7556}") = "Array Iterate", "Array Iterate\Array Iterate.csproj", "{E949190D-8DF1-49B5-B794-8C6AEDF04822}"
EndProject
Project("{9A19103F-16F7-4668-BE54-9A1E7A4F7556}") = "Operator", "Operator\Operator.csproj", "{B72945CA-1DBC-4DD8-A1AB-5708112D097C}"
EndProject
Project("{9A19103F-16F7-4668-BE54-9A1E7A4F7556}") = "Variable", "Variable\Variable.csproj", "{00015B90-E94D-41E1-B53E-F2AAE0924040}"
EndProject
Project("{9A19103F-16F7-4668-BE54-9A1E7A4F7556}") = "Syntax", "Syntax\Syntax.csproj", "{E64A2424-CC7E-4854-A899-9524E9C2E5E3}"
EndProject
Project("{9A19103F-16F7-4668-BE54-9A1E7A4F7556}") = "string", "string\string.csproj", "{B8326A5E-408F-4988-93F5-D4DB3893C50E}"
EndProject
Project("{9A19103F-16F7-4668-BE54-9A1E7A4F7556}") = "while and do while", "while and do while\while and do while.csproj", "{4EB9F4D5-B096-4071-87CA-26AABF0190CA}"
EndProject
Project("{9A19103F-16F7-4668-BE54-9A1E7A4F7556}") = "Loop Instance", "Loop Instance\Loop Instance.csproj", "{720B0A2B-F40F-4DDC-B29F-352FF261C492}"
EndProject
Project("{9A19103F-16F7-4668-BE54-9A1E7A4F7556}") = "Variable Instance", "Variable Instance\Variable Instance.csproj", "{97586C43-A0C1-4369-AB89-C06890EAE92D}"
EndProject
Project("{9A19103F-16F7-4668-BE54-9A1E7A4F7556}") = "Sort Instance", "Sort Instance\Sort Instance.csproj", "{9F5DEDC3-4A38-4696-8AD8-009AD2120E0A}"
EndProject
Project("{9A19103F-16F7-4668-BE54-9A1E7A4F7556}") = "Function Overload", "Function Overload\Function Overload.csproj", "{86E0BFA3-7F4D-4764-B8E5-86C32C712B60}"
EndProject
Project("{9A19103F-16F7-4668-BE54-9A1E7A4F7556}") = "Funciton Recursion", "Funciton Recursion\Funciton Recursion.csproj", "{2864987A-C1AD-440A-991D-EFC5AA91B3D9}"
EndProject
Project("{9A19103F-16F7-4668-BE54-9A1E7A4F7556}") = "Function Recursion Factorial", "Function Recursion Factorial\Function Recursion Factorial.csproj", "{0BC97D58-50BB-45E6-A4DD-34E7D6691801}"
EndProject
Project("{9A19103F-16F7-4668-BE54-9A1E7A4F7556}") = "Function Recursion Practice", "Function Recursion Practice\Function Recursion Practice.csproj", "{F0120B57-67C5-43DD-993E-BD7B7B384B2C}"
EndProject
Project("{9A19103F-16F7-4668-BE54-9A1E7A4F7556}") = "Struct", "Struct\Struct.csproj", "{51AC54A3-87FE-471A-A26F-4EE8D2C5513E}"
EndProject
Project("{9A19103F-16F7-4668-BE54-9A1E7A4F7556}") = "struct funtion", "struct funtion\struct funtion.csproj", "{EAFFE102-3396-459B-9DCA-729C909CEB52}"
EndProject
Project("{9A19103F-16F7-4668-BE54-9A1E7A4F7556}") = "delegate", "delegate\delegate.csproj", "{91FAD8F2-07F0-45BC-ADE5-1C162E9687E0}"
EndProject
Project("{9A19103F-16F7-4668-BE54-9A1E7A4F7556}") = "delegate instance", "delegate instance\delegate instance.csproj", "{DCD43D64-CD6E-4DE1-805E-550836AD560B}"
EndProject
Project("{9A19103F-16F7-4668-BE54-9A1E7A4F7556}") = "enum", "enum\enum.csproj", "{B4C357F7-B744-4C02-ACFC-0F2D88AF2ABE}"
EndProject
Project("{9A19103F-16F7-4668-BE54-9A1E7A4F7556}") = "delegate instance2", "delegate instance2\delegate instance2.csproj", "{8FDABDD8-EA4F-4F43-A374-02684D5307DB}"
EndProject
Project("{9A19103F-16F7-4668-BE54-9A1E7A4F7556}") = "Console Method", "Console Method\Console Method.csproj", "{2E3F9F30-190E-46B1-8BFF-CCCB4DA3E823}"
EndProject
Project("{9A19103F-16F7-4668-BE54-9A1E7A4F7556}") = "ASCII", "ASCII\ASCII.csproj", "{E620082E-67EA-4152-9733-08E75EDB8993}"
EndProject
Project("{9A19103F-16F7-4668-BE54-9A1E7A4F7556}") = "string character type judgment", "string character type judgment\string character type judgment.csproj", "{AFE0F013-0DF7-45AF-ABA2-68223FF66AAE}"
EndProject
Project("{9A19103F-16F7-4668-BE54-9A1E7A4F7556}") = "Class", "Class\Class.csproj", "{DF092910-16B5-47A8-8ABE-FCD661FE1C71}"
EndProject
Project("{9A19103F-16F7-4668-BE54-9A1E7A4F7556}") = "Class Property", "Class Property\Class Property.csproj", "{06F80AF8-A14D-41C2-9753-F82337816255}"
EndProject
Project("{9A19103F-16F7-4668-BE54-9A1E7A4F7556}") = "Debug", "Debug\Debug.csproj", "{67F8C428-1A8C-41BD-AD3E-19391621DA1C}"
EndProject
Project("{9A19103F-16F7-4668-BE54-9A1E7A4F7556}") = "Debug2", "Debug2\Debug2.csproj", "{20723214-1B17-4A08-8E70-27D00F67CA20}"
EndProject
Project("{9A19103F-16F7-4668-BE54-9A1E7A4F7556}") = "Class with array", "Class with array\Class with array.csproj", "{5F6A1E6B-2314-4A2F-8A9A-8A4479292FB8}"
EndProject
Project("{9A19103F-16F7-4668-BE54-9A1E7A4F7556}") = "Class Virtual Method", "Class Virtual Method\Class Virtual Method.csproj", "{8A254C47-AE1D-464B-ACC6-CC9B3198AE28}"
EndProject
Project("{9A19103F-16F7-4668-BE54-9A1E7A4F7556}") = "Class Virtual Method2", "Class Virtual Method2\Class Virtual Method2.csproj", "{EB37FD58-2301-4BE0-8E4B-B769BC9918A6}"
EndProject
Project("{9A19103F-16F7-4668-BE54-9A1E7A4F7556}") = "Class Property weFinal", "Class Property weFinal\Class Property weFinal.csproj", "{6B0E1F25-75E4-4D3E-A834-DBEFD46B7AFA}"
EndProject
Project("{9A19103F-16F7-4668-BE54-9A1E7A4F7556}") = "Class Inheritance", "Class Inheritance\Class Inheritance.csproj", "{15AC5D79-D394-45C2-821D-51EB43831035}"
EndProject
Project("{9A19103F-16F7-4668-BE54-9A1E7A4F7556}") = "Class inheritance sample", "Class Inheritance sample\Class inheritance sample.csproj", "{7A6B9A25-27E5-4D63-AF10-BA7F80B5A2FE}"
EndProject
Project("{9A19103F-16F7-4668-BE54-9A1E7A4F7556}") = "Class Hidden Method", "Class Hidden Method\Class Hidden Method.csproj", "{C4424162-0858-4BBA-9F10-DC8ABB9965EE}"
EndProject
Project("{9A19103F-16F7-4668-BE54-9A1E7A4F7556}") = "Class Derived Class", "Class Derived Class\Class Derived Class.csproj", "{E7B6E832-EDD5-43C4-AA8B-4BD6F287BEF8}"
EndProject
Project("{9A19103F-16F7-4668-BE54-9A1E7A4F7556}") = "Class Abstract", "Class Abstract\Class Abstract.csproj", "{0071C3DC-6225-45D5-A3F9-6148BEAD8890}"
EndProject
Project("{9A19103F-16F7-4668-BE54-9A1E7A4F7556}") = "Modifier Static", "Modifier Static\Modifier Static.csproj", "{9E2E8AF8-A64C-436C-A621-8AB2DFE447D6}"
EndProject
Project("{9A19103F-16F7-4668-BE54-9A1E7A4F7556}") = "Class Interface", "Class Interface\Class Interface.csproj", "{386AEAA8-0810-41AA-8EB2-251BC83F8BD7}"
EndProject
Project("{9A19103F-16F7-4668-BE54-9A1E7A4F7556}") = "Class Indexer", "Class Indexer\Class Indexer.csproj", "{B37411BA-CC8D-4A94-A05D-40DE0416E00D}"
EndProject
Project("{9A19103F-16F7-4668-BE54-9A1E7A4F7556}") = "Class Operator Overloading", "Class Operator Overloading\Class Operator Overloading.csproj", "{74BAEDEA-24CF-4A82-A9FD-FD0BF1FBC160}"
EndProject
Project("{FAE04EC0-301F-11D3-BF4B-00C04F79EFBC}") = "Struct & Class diff", "Struct & Class diff\Struct & Class diff.csproj", "{46F17E05-71F3-4667-A344-A10EF8447319}"
EndProject
Global
	GlobalSection(SolutionConfigurationPlatforms) = preSolution
		Debug|Any CPU = Debug|Any CPU
		Release|Any CPU = Release|Any CPU
	EndGlobalSection
	GlobalSection(ProjectConfigurationPlatforms) = postSolution
		{E9C34274-924E-4594-9EE7-F50DABEA14DB}.Debug|Any CPU.ActiveCfg = Debug|Any CPU
		{E9C34274-924E-4594-9EE7-F50DABEA14DB}.Debug|Any CPU.Build.0 = Debug|Any CPU
		{E9C34274-924E-4594-9EE7-F50DABEA14DB}.Release|Any CPU.ActiveCfg = Release|Any CPU
		{E9C34274-924E-4594-9EE7-F50DABEA14DB}.Release|Any CPU.Build.0 = Release|Any CPU
		{50F6207D-814C-4F75-83C3-20F03DC09F63}.Debug|Any CPU.ActiveCfg = Debug|Any CPU
		{50F6207D-814C-4F75-83C3-20F03DC09F63}.Debug|Any CPU.Build.0 = Debug|Any CPU
		{50F6207D-814C-4F75-83C3-20F03DC09F63}.Release|Any CPU.ActiveCfg = Release|Any CPU
		{50F6207D-814C-4F75-83C3-20F03DC09F63}.Release|Any CPU.Build.0 = Release|Any CPU
		{F1366743-7D4C-4DB5-8B79-67FF54D8573B}.Debug|Any CPU.ActiveCfg = Debug|Any CPU
		{F1366743-7D4C-4DB5-8B79-67FF54D8573B}.Debug|Any CPU.Build.0 = Debug|Any CPU
		{F1366743-7D4C-4DB5-8B79-67FF54D8573B}.Release|Any CPU.ActiveCfg = Release|Any CPU
		{F1366743-7D4C-4DB5-8B79-67FF54D8573B}.Release|Any CPU.Build.0 = Release|Any CPU
		{A784F955-2765-4031-879F-1A026E64E13E}.Debug|Any CPU.ActiveCfg = Debug|Any CPU
		{A784F955-2765-4031-879F-1A026E64E13E}.Debug|Any CPU.Build.0 = Debug|Any CPU
		{A784F955-2765-4031-879F-1A026E64E13E}.Release|Any CPU.ActiveCfg = Release|Any CPU
		{A784F955-2765-4031-879F-1A026E64E13E}.Release|Any CPU.Build.0 = Release|Any CPU
		{E949190D-8DF1-49B5-B794-8C6AEDF04822}.Debug|Any CPU.ActiveCfg = Debug|Any CPU
		{E949190D-8DF1-49B5-B794-8C6AEDF04822}.Debug|Any CPU.Build.0 = Debug|Any CPU
		{E949190D-8DF1-49B5-B794-8C6AEDF04822}.Release|Any CPU.ActiveCfg = Release|Any CPU
		{E949190D-8DF1-49B5-B794-8C6AEDF04822}.Release|Any CPU.Build.0 = Release|Any CPU
		{B72945CA-1DBC-4DD8-A1AB-5708112D097C}.Debug|Any CPU.ActiveCfg = Debug|Any CPU
		{B72945CA-1DBC-4DD8-A1AB-5708112D097C}.Debug|Any CPU.Build.0 = Debug|Any CPU
		{B72945CA-1DBC-4DD8-A1AB-5708112D097C}.Release|Any CPU.ActiveCfg = Release|Any CPU
		{B72945CA-1DBC-4DD8-A1AB-5708112D097C}.Release|Any CPU.Build.0 = Release|Any CPU
		{00015B90-E94D-41E1-B53E-F2AAE0924040}.Debug|Any CPU.ActiveCfg = Debug|Any CPU
		{00015B90-E94D-41E1-B53E-F2AAE0924040}.Debug|Any CPU.Build.0 = Debug|Any CPU
		{00015B90-E94D-41E1-B53E-F2AAE0924040}.Release|Any CPU.ActiveCfg = Release|Any CPU
		{00015B90-E94D-41E1-B53E-F2AAE0924040}.Release|Any CPU.Build.0 = Release|Any CPU
		{E64A2424-CC7E-4854-A899-9524E9C2E5E3}.Debug|Any CPU.ActiveCfg = Debug|Any CPU
		{E64A2424-CC7E-4854-A899-9524E9C2E5E3}.Debug|Any CPU.Build.0 = Debug|Any CPU
		{E64A2424-CC7E-4854-A899-9524E9C2E5E3}.Release|Any CPU.ActiveCfg = Release|Any CPU
		{E64A2424-CC7E-4854-A899-9524E9C2E5E3}.Release|Any CPU.Build.0 = Release|Any CPU
		{B8326A5E-408F-4988-93F5-D4DB3893C50E}.Debug|Any CPU.ActiveCfg = Debug|Any CPU
		{B8326A5E-408F-4988-93F5-D4DB3893C50E}.Debug|Any CPU.Build.0 = Debug|Any CPU
		{B8326A5E-408F-4988-93F5-D4DB3893C50E}.Release|Any CPU.ActiveCfg = Release|Any CPU
		{B8326A5E-408F-4988-93F5-D4DB3893C50E}.Release|Any CPU.Build.0 = Release|Any CPU
		{4EB9F4D5-B096-4071-87CA-26AABF0190CA}.Debug|Any CPU.ActiveCfg = Debug|Any CPU
		{4EB9F4D5-B096-4071-87CA-26AABF0190CA}.Debug|Any CPU.Build.0 = Debug|Any CPU
		{4EB9F4D5-B096-4071-87CA-26AABF0190CA}.Release|Any CPU.ActiveCfg = Release|Any CPU
		{4EB9F4D5-B096-4071-87CA-26AABF0190CA}.Release|Any CPU.Build.0 = Release|Any CPU
		{720B0A2B-F40F-4DDC-B29F-352FF261C492}.Debug|Any CPU.ActiveCfg = Debug|Any CPU
		{720B0A2B-F40F-4DDC-B29F-352FF261C492}.Debug|Any CPU.Build.0 = Debug|Any CPU
		{720B0A2B-F40F-4DDC-B29F-352FF261C492}.Release|Any CPU.ActiveCfg = Release|Any CPU
		{720B0A2B-F40F-4DDC-B29F-352FF261C492}.Release|Any CPU.Build.0 = Release|Any CPU
		{97586C43-A0C1-4369-AB89-C06890EAE92D}.Debug|Any CPU.ActiveCfg = Debug|Any CPU
		{97586C43-A0C1-4369-AB89-C06890EAE92D}.Debug|Any CPU.Build.0 = Debug|Any CPU
		{97586C43-A0C1-4369-AB89-C06890EAE92D}.Release|Any CPU.ActiveCfg = Release|Any CPU
		{97586C43-A0C1-4369-AB89-C06890EAE92D}.Release|Any CPU.Build.0 = Release|Any CPU
		{9F5DEDC3-4A38-4696-8AD8-009AD2120E0A}.Debug|Any CPU.ActiveCfg = Debug|Any CPU
		{9F5DEDC3-4A38-4696-8AD8-009AD2120E0A}.Debug|Any CPU.Build.0 = Debug|Any CPU
		{9F5DEDC3-4A38-4696-8AD8-009AD2120E0A}.Release|Any CPU.ActiveCfg = Release|Any CPU
		{9F5DEDC3-4A38-4696-8AD8-009AD2120E0A}.Release|Any CPU.Build.0 = Release|Any CPU
		{86E0BFA3-7F4D-4764-B8E5-86C32C712B60}.Debug|Any CPU.ActiveCfg = Debug|Any CPU
		{86E0BFA3-7F4D-4764-B8E5-86C32C712B60}.Debug|Any CPU.Build.0 = Debug|Any CPU
		{86E0BFA3-7F4D-4764-B8E5-86C32C712B60}.Release|Any CPU.ActiveCfg = Release|Any CPU
		{86E0BFA3-7F4D-4764-B8E5-86C32C712B60}.Release|Any CPU.Build.0 = Release|Any CPU
		{2864987A-C1AD-440A-991D-EFC5AA91B3D9}.Debug|Any CPU.ActiveCfg = Debug|Any CPU
		{2864987A-C1AD-440A-991D-EFC5AA91B3D9}.Debug|Any CPU.Build.0 = Debug|Any CPU
		{2864987A-C1AD-440A-991D-EFC5AA91B3D9}.Release|Any CPU.ActiveCfg = Release|Any CPU
		{2864987A-C1AD-440A-991D-EFC5AA91B3D9}.Release|Any CPU.Build.0 = Release|Any CPU
		{0BC97D58-50BB-45E6-A4DD-34E7D6691801}.Debug|Any CPU.ActiveCfg = Debug|Any CPU
		{0BC97D58-50BB-45E6-A4DD-34E7D6691801}.Debug|Any CPU.Build.0 = Debug|Any CPU
		{0BC97D58-50BB-45E6-A4DD-34E7D6691801}.Release|Any CPU.ActiveCfg = Release|Any CPU
		{0BC97D58-50BB-45E6-A4DD-34E7D6691801}.Release|Any CPU.Build.0 = Release|Any CPU
		{F0120B57-67C5-43DD-993E-BD7B7B384B2C}.Debug|Any CPU.ActiveCfg = Debug|Any CPU
		{F0120B57-67C5-43DD-993E-BD7B7B384B2C}.Debug|Any CPU.Build.0 = Debug|Any CPU
		{F0120B57-67C5-43DD-993E-BD7B7B384B2C}.Release|Any CPU.ActiveCfg = Release|Any CPU
		{F0120B57-67C5-43DD-993E-BD7B7B384B2C}.Release|Any CPU.Build.0 = Release|Any CPU
		{51AC54A3-87FE-471A-A26F-4EE8D2C5513E}.Debug|Any CPU.ActiveCfg = Debug|Any CPU
		{51AC54A3-87FE-471A-A26F-4EE8D2C5513E}.Debug|Any CPU.Build.0 = Debug|Any CPU
		{51AC54A3-87FE-471A-A26F-4EE8D2C5513E}.Release|Any CPU.ActiveCfg = Release|Any CPU
		{51AC54A3-87FE-471A-A26F-4EE8D2C5513E}.Release|Any CPU.Build.0 = Release|Any CPU
		{EAFFE102-3396-459B-9DCA-729C909CEB52}.Debug|Any CPU.ActiveCfg = Debug|Any CPU
		{EAFFE102-3396-459B-9DCA-729C909CEB52}.Debug|Any CPU.Build.0 = Debug|Any CPU
		{EAFFE102-3396-459B-9DCA-729C909CEB52}.Release|Any CPU.ActiveCfg = Release|Any CPU
		{EAFFE102-3396-459B-9DCA-729C909CEB52}.Release|Any CPU.Build.0 = Release|Any CPU
		{91FAD8F2-07F0-45BC-ADE5-1C162E9687E0}.Debug|Any CPU.ActiveCfg = Debug|Any CPU
		{91FAD8F2-07F0-45BC-ADE5-1C162E9687E0}.Debug|Any CPU.Build.0 = Debug|Any CPU
		{91FAD8F2-07F0-45BC-ADE5-1C162E9687E0}.Release|Any CPU.ActiveCfg = Release|Any CPU
		{91FAD8F2-07F0-45BC-ADE5-1C162E9687E0}.Release|Any CPU.Build.0 = Release|Any CPU
		{DCD43D64-CD6E-4DE1-805E-550836AD560B}.Debug|Any CPU.ActiveCfg = Debug|Any CPU
		{DCD43D64-CD6E-4DE1-805E-550836AD560B}.Debug|Any CPU.Build.0 = Debug|Any CPU
		{DCD43D64-CD6E-4DE1-805E-550836AD560B}.Release|Any CPU.ActiveCfg = Release|Any CPU
		{DCD43D64-CD6E-4DE1-805E-550836AD560B}.Release|Any CPU.Build.0 = Release|Any CPU
		{B4C357F7-B744-4C02-ACFC-0F2D88AF2ABE}.Debug|Any CPU.ActiveCfg = Debug|Any CPU
		{B4C357F7-B744-4C02-ACFC-0F2D88AF2ABE}.Debug|Any CPU.Build.0 = Debug|Any CPU
		{B4C357F7-B744-4C02-ACFC-0F2D88AF2ABE}.Release|Any CPU.ActiveCfg = Release|Any CPU
		{B4C357F7-B744-4C02-ACFC-0F2D88AF2ABE}.Release|Any CPU.Build.0 = Release|Any CPU
		{8FDABDD8-EA4F-4F43-A374-02684D5307DB}.Debug|Any CPU.ActiveCfg = Debug|Any CPU
		{8FDABDD8-EA4F-4F43-A374-02684D5307DB}.Debug|Any CPU.Build.0 = Debug|Any CPU
		{8FDABDD8-EA4F-4F43-A374-02684D5307DB}.Release|Any CPU.ActiveCfg = Release|Any CPU
		{8FDABDD8-EA4F-4F43-A374-02684D5307DB}.Release|Any CPU.Build.0 = Release|Any CPU
		{2E3F9F30-190E-46B1-8BFF-CCCB4DA3E823}.Debug|Any CPU.ActiveCfg = Debug|Any CPU
		{2E3F9F30-190E-46B1-8BFF-CCCB4DA3E823}.Debug|Any CPU.Build.0 = Debug|Any CPU
		{2E3F9F30-190E-46B1-8BFF-CCCB4DA3E823}.Release|Any CPU.ActiveCfg = Release|Any CPU
		{2E3F9F30-190E-46B1-8BFF-CCCB4DA3E823}.Release|Any CPU.Build.0 = Release|Any CPU
		{E620082E-67EA-4152-9733-08E75EDB8993}.Debug|Any CPU.ActiveCfg = Debug|Any CPU
		{E620082E-67EA-4152-9733-08E75EDB8993}.Debug|Any CPU.Build.0 = Debug|Any CPU
		{E620082E-67EA-4152-9733-08E75EDB8993}.Release|Any CPU.ActiveCfg = Release|Any CPU
		{E620082E-67EA-4152-9733-08E75EDB8993}.Release|Any CPU.Build.0 = Release|Any CPU
		{AFE0F013-0DF7-45AF-ABA2-68223FF66AAE}.Debug|Any CPU.ActiveCfg = Debug|Any CPU
		{AFE0F013-0DF7-45AF-ABA2-68223FF66AAE}.Debug|Any CPU.Build.0 = Debug|Any CPU
		{AFE0F013-0DF7-45AF-ABA2-68223FF66AAE}.Release|Any CPU.ActiveCfg = Release|Any CPU
		{AFE0F013-0DF7-45AF-ABA2-68223FF66AAE}.Release|Any CPU.Build.0 = Release|Any CPU
		{DF092910-16B5-47A8-8ABE-FCD661FE1C71}.Debug|Any CPU.ActiveCfg = Debug|Any CPU
		{DF092910-16B5-47A8-8ABE-FCD661FE1C71}.Debug|Any CPU.Build.0 = Debug|Any CPU
		{DF092910-16B5-47A8-8ABE-FCD661FE1C71}.Release|Any CPU.ActiveCfg = Release|Any CPU
		{DF092910-16B5-47A8-8ABE-FCD661FE1C71}.Release|Any CPU.Build.0 = Release|Any CPU
		{06F80AF8-A14D-41C2-9753-F82337816255}.Debug|Any CPU.ActiveCfg = Debug|Any CPU
		{06F80AF8-A14D-41C2-9753-F82337816255}.Debug|Any CPU.Build.0 = Debug|Any CPU
		{06F80AF8-A14D-41C2-9753-F82337816255}.Release|Any CPU.ActiveCfg = Release|Any CPU
		{06F80AF8-A14D-41C2-9753-F82337816255}.Release|Any CPU.Build.0 = Release|Any CPU
		{67F8C428-1A8C-41BD-AD3E-19391621DA1C}.Debug|Any CPU.ActiveCfg = Debug|Any CPU
		{67F8C428-1A8C-41BD-AD3E-19391621DA1C}.Debug|Any CPU.Build.0 = Debug|Any CPU
		{67F8C428-1A8C-41BD-AD3E-19391621DA1C}.Release|Any CPU.ActiveCfg = Release|Any CPU
		{67F8C428-1A8C-41BD-AD3E-19391621DA1C}.Release|Any CPU.Build.0 = Release|Any CPU
		{20723214-1B17-4A08-8E70-27D00F67CA20}.Debug|Any CPU.ActiveCfg = Debug|Any CPU
		{20723214-1B17-4A08-8E70-27D00F67CA20}.Debug|Any CPU.Build.0 = Debug|Any CPU
		{20723214-1B17-4A08-8E70-27D00F67CA20}.Release|Any CPU.ActiveCfg = Release|Any CPU
		{20723214-1B17-4A08-8E70-27D00F67CA20}.Release|Any CPU.Build.0 = Release|Any CPU
		{5F6A1E6B-2314-4A2F-8A9A-8A4479292FB8}.Debug|Any CPU.ActiveCfg = Debug|Any CPU
		{5F6A1E6B-2314-4A2F-8A9A-8A4479292FB8}.Debug|Any CPU.Build.0 = Debug|Any CPU
		{5F6A1E6B-2314-4A2F-8A9A-8A4479292FB8}.Release|Any CPU.ActiveCfg = Release|Any CPU
		{5F6A1E6B-2314-4A2F-8A9A-8A4479292FB8}.Release|Any CPU.Build.0 = Release|Any CPU
		{8A254C47-AE1D-464B-ACC6-CC9B3198AE28}.Debug|Any CPU.ActiveCfg = Debug|Any CPU
		{8A254C47-AE1D-464B-ACC6-CC9B3198AE28}.Debug|Any CPU.Build.0 = Debug|Any CPU
		{8A254C47-AE1D-464B-ACC6-CC9B3198AE28}.Release|Any CPU.ActiveCfg = Release|Any CPU
		{8A254C47-AE1D-464B-ACC6-CC9B3198AE28}.Release|Any CPU.Build.0 = Release|Any CPU
		{EB37FD58-2301-4BE0-8E4B-B769BC9918A6}.Debug|Any CPU.ActiveCfg = Debug|Any CPU
		{EB37FD58-2301-4BE0-8E4B-B769BC9918A6}.Debug|Any CPU.Build.0 = Debug|Any CPU
		{EB37FD58-2301-4BE0-8E4B-B769BC9918A6}.Release|Any CPU.ActiveCfg = Release|Any CPU
		{EB37FD58-2301-4BE0-8E4B-B769BC9918A6}.Release|Any CPU.Build.0 = Release|Any CPU
		{6B0E1F25-75E4-4D3E-A834-DBEFD46B7AFA}.Debug|Any CPU.ActiveCfg = Debug|Any CPU
		{6B0E1F25-75E4-4D3E-A834-DBEFD46B7AFA}.Debug|Any CPU.Build.0 = Debug|Any CPU
		{6B0E1F25-75E4-4D3E-A834-DBEFD46B7AFA}.Release|Any CPU.ActiveCfg = Release|Any CPU
		{6B0E1F25-75E4-4D3E-A834-DBEFD46B7AFA}.Release|Any CPU.Build.0 = Release|Any CPU
		{15AC5D79-D394-45C2-821D-51EB43831035}.Debug|Any CPU.ActiveCfg = Debug|Any CPU
		{15AC5D79-D394-45C2-821D-51EB43831035}.Debug|Any CPU.Build.0 = Debug|Any CPU
		{15AC5D79-D394-45C2-821D-51EB43831035}.Release|Any CPU.ActiveCfg = Release|Any CPU
		{15AC5D79-D394-45C2-821D-51EB43831035}.Release|Any CPU.Build.0 = Release|Any CPU
		{7A6B9A25-27E5-4D63-AF10-BA7F80B5A2FE}.Debug|Any CPU.ActiveCfg = Debug|Any CPU
		{7A6B9A25-27E5-4D63-AF10-BA7F80B5A2FE}.Debug|Any CPU.Build.0 = Debug|Any CPU
		{7A6B9A25-27E5-4D63-AF10-BA7F80B5A2FE}.Release|Any CPU.ActiveCfg = Release|Any CPU
		{7A6B9A25-27E5-4D63-AF10-BA7F80B5A2FE}.Release|Any CPU.Build.0 = Release|Any CPU
		{C4424162-0858-4BBA-9F10-DC8ABB9965EE}.Debug|Any CPU.ActiveCfg = Debug|Any CPU
		{C4424162-0858-4BBA-9F10-DC8ABB9965EE}.Debug|Any CPU.Build.0 = Debug|Any CPU
		{C4424162-0858-4BBA-9F10-DC8ABB9965EE}.Release|Any CPU.ActiveCfg = Release|Any CPU
		{C4424162-0858-4BBA-9F10-DC8ABB9965EE}.Release|Any CPU.Build.0 = Release|Any CPU
		{E7B6E832-EDD5-43C4-AA8B-4BD6F287BEF8}.Debug|Any CPU.ActiveCfg = Debug|Any CPU
		{E7B6E832-EDD5-43C4-AA8B-4BD6F287BEF8}.Debug|Any CPU.Build.0 = Debug|Any CPU
		{E7B6E832-EDD5-43C4-AA8B-4BD6F287BEF8}.Release|Any CPU.ActiveCfg = Release|Any CPU
		{E7B6E832-EDD5-43C4-AA8B-4BD6F287BEF8}.Release|Any CPU.Build.0 = Release|Any CPU
		{0071C3DC-6225-45D5-A3F9-6148BEAD8890}.Debug|Any CPU.ActiveCfg = Debug|Any CPU
		{0071C3DC-6225-45D5-A3F9-6148BEAD8890}.Debug|Any CPU.Build.0 = Debug|Any CPU
		{0071C3DC-6225-45D5-A3F9-6148BEAD8890}.Release|Any CPU.ActiveCfg = Release|Any CPU
		{0071C3DC-6225-45D5-A3F9-6148BEAD8890}.Release|Any CPU.Build.0 = Release|Any CPU
		{9E2E8AF8-A64C-436C-A621-8AB2DFE447D6}.Debug|Any CPU.ActiveCfg = Debug|Any CPU
		{9E2E8AF8-A64C-436C-A621-8AB2DFE447D6}.Debug|Any CPU.Build.0 = Debug|Any CPU
		{9E2E8AF8-A64C-436C-A621-8AB2DFE447D6}.Release|Any CPU.ActiveCfg = Release|Any CPU
		{9E2E8AF8-A64C-436C-A621-8AB2DFE447D6}.Release|Any CPU.Build.0 = Release|Any CPU
		{386AEAA8-0810-41AA-8EB2-251BC83F8BD7}.Debug|Any CPU.ActiveCfg = Debug|Any CPU
		{386AEAA8-0810-41AA-8EB2-251BC83F8BD7}.Debug|Any CPU.Build.0 = Debug|Any CPU
		{386AEAA8-0810-41AA-8EB2-251BC83F8BD7}.Release|Any CPU.ActiveCfg = Release|Any CPU
		{386AEAA8-0810-41AA-8EB2-251BC83F8BD7}.Release|Any CPU.Build.0 = Release|Any CPU
		{B37411BA-CC8D-4A94-A05D-40DE0416E00D}.Debug|Any CPU.ActiveCfg = Debug|Any CPU
		{B37411BA-CC8D-4A94-A05D-40DE0416E00D}.Debug|Any CPU.Build.0 = Debug|Any CPU
		{B37411BA-CC8D-4A94-A05D-40DE0416E00D}.Release|Any CPU.ActiveCfg = Release|Any CPU
		{B37411BA-CC8D-4A94-A05D-40DE0416E00D}.Release|Any CPU.Build.0 = Release|Any CPU
		{74BAEDEA-24CF-4A82-A9FD-FD0BF1FBC160}.Debug|Any CPU.ActiveCfg = Debug|Any CPU
		{74BAEDEA-24CF-4A82-A9FD-FD0BF1FBC160}.Debug|Any CPU.Build.0 = Debug|Any CPU
		{74BAEDEA-24CF-4A82-A9FD-FD0BF1FBC160}.Release|Any CPU.ActiveCfg = Release|Any CPU
		{74BAEDEA-24CF-4A82-A9FD-FD0BF1FBC160}.Release|Any CPU.Build.0 = Release|Any CPU
		{46F17E05-71F3-4667-A344-A10EF8447319}.Debug|Any CPU.ActiveCfg = Debug|Any CPU
		{46F17E05-71F3-4667-A344-A10EF8447319}.Debug|Any CPU.Build.0 = Debug|Any CPU
		{46F17E05-71F3-4667-A344-A10EF8447319}.Release|Any CPU.ActiveCfg = Release|Any CPU
		{46F17E05-71F3-4667-A344-A10EF8447319}.Release|Any CPU.Build.0 = Release|Any CPU
	EndGlobalSection
	GlobalSection(SolutionProperties) = preSolution
		HideSolutionNode = FALSE
	EndGlobalSection
	GlobalSection(ExtensibilityGlobals) = postSolution
		SolutionGuid = {835D0FFA-B6AC-41E3-838D-589ED8E8795C}
	EndGlobalSection
EndGlobal
